
Microsoft Visual Studio Solution File, Format Version 12.00
# Visual Studio 15
VisualStudioVersion = 15.0.27004.2010
MinimumVisualStudioVersion = 10.0.40219.1
Project("{2150E333-8FDC-42A3-9474-1A3956D46DE8}") = "src", "src", "{35F738EA-ED19-4369-9AB7-98366FBBC5F0}"
EndProject
Project("{2150E333-8FDC-42A3-9474-1A3956D46DE8}") = "Solution Items", "Solution Items", "{7F9AF21A-89C1-4D62-B401-E25CCC9613B4}"
	ProjectSection(SolutionItems) = preProject
		LICENSE = LICENSE
		README.md = README.md
	EndProjectSection
EndProject
Project("{9A19103F-16F7-4668-BE54-9A1E7A4F7556}") = "MerakiDashboard", "src\MerakiDashboard\MerakiDashboard.csproj", "{D8EAD49B-49B2-4635-B9CC-3B7F522C327A}"
EndProject
Project("{9A19103F-16F7-4668-BE54-9A1E7A4F7556}") = "MerakiDashboard.Console", "src\MerakiDashboard.Console\MerakiDashboard.Console.csproj", "{5F0EF148-1461-4120-9C1B-9FDF002537E4}"
EndProject
Project("{9A19103F-16F7-4668-BE54-9A1E7A4F7556}") = "MerakiDashboard.Test", "src\MerakiDashboard.Test\MerakiDashboard.Test.csproj", "{88029243-950B-48EC-98ED-794FEFD6BEFD}"
EndProject
Global
	GlobalSection(SolutionConfigurationPlatforms) = preSolution
		Debug|Any CPU = Debug|Any CPU
		Debug|x64 = Debug|x64
		Debug|x86 = Debug|x86
		Release|Any CPU = Release|Any CPU
		Release|x64 = Release|x64
		Release|x86 = Release|x86
	EndGlobalSection
	GlobalSection(ProjectConfigurationPlatforms) = postSolution
		{D8EAD49B-49B2-4635-B9CC-3B7F522C327A}.Debug|Any CPU.ActiveCfg = Debug|Any CPU
		{D8EAD49B-49B2-4635-B9CC-3B7F522C327A}.Debug|Any CPU.Build.0 = Debug|Any CPU
		{D8EAD49B-49B2-4635-B9CC-3B7F522C327A}.Debug|x64.ActiveCfg = Debug|Any CPU
		{D8EAD49B-49B2-4635-B9CC-3B7F522C327A}.Debug|x64.Build.0 = Debug|Any CPU
		{D8EAD49B-49B2-4635-B9CC-3B7F522C327A}.Debug|x86.ActiveCfg = Debug|Any CPU
		{D8EAD49B-49B2-4635-B9CC-3B7F522C327A}.Debug|x86.Build.0 = Debug|Any CPU
		{D8EAD49B-49B2-4635-B9CC-3B7F522C327A}.Release|Any CPU.ActiveCfg = Release|Any CPU
		{D8EAD49B-49B2-4635-B9CC-3B7F522C327A}.Release|Any CPU.Build.0 = Release|Any CPU
		{D8EAD49B-49B2-4635-B9CC-3B7F522C327A}.Release|x64.ActiveCfg = Release|Any CPU
		{D8EAD49B-49B2-4635-B9CC-3B7F522C327A}.Release|x64.Build.0 = Release|Any CPU
		{D8EAD49B-49B2-4635-B9CC-3B7F522C327A}.Release|x86.ActiveCfg = Release|Any CPU
		{D8EAD49B-49B2-4635-B9CC-3B7F522C327A}.Release|x86.Build.0 = Release|Any CPU
		{5F0EF148-1461-4120-9C1B-9FDF002537E4}.Debug|Any CPU.ActiveCfg = Debug|Any CPU
		{5F0EF148-1461-4120-9C1B-9FDF002537E4}.Debug|Any CPU.Build.0 = Debug|Any CPU
		{5F0EF148-1461-4120-9C1B-9FDF002537E4}.Debug|x64.ActiveCfg = Debug|Any CPU
		{5F0EF148-1461-4120-9C1B-9FDF002537E4}.Debug|x64.Build.0 = Debug|Any CPU
		{5F0EF148-1461-4120-9C1B-9FDF002537E4}.Debug|x86.ActiveCfg = Debug|Any CPU
		{5F0EF148-1461-4120-9C1B-9FDF002537E4}.Debug|x86.Build.0 = Debug|Any CPU
		{5F0EF148-1461-4120-9C1B-9FDF002537E4}.Release|Any CPU.ActiveCfg = Release|Any CPU
		{5F0EF148-1461-4120-9C1B-9FDF002537E4}.Release|Any CPU.Build.0 = Release|Any CPU
		{5F0EF148-1461-4120-9C1B-9FDF002537E4}.Release|x64.ActiveCfg = Release|Any CPU
		{5F0EF148-1461-4120-9C1B-9FDF002537E4}.Release|x64.Build.0 = Release|Any CPU
		{5F0EF148-1461-4120-9C1B-9FDF002537E4}.Release|x86.ActiveCfg = Release|Any CPU
		{5F0EF148-1461-4120-9C1B-9FDF002537E4}.Release|x86.Build.0 = Release|Any CPU
		{88029243-950B-48EC-98ED-794FEFD6BEFD}.Debug|Any CPU.ActiveCfg = Debug|Any CPU
		{88029243-950B-48EC-98ED-794FEFD6BEFD}.Debug|Any CPU.Build.0 = Debug|Any CPU
		{88029243-950B-48EC-98ED-794FEFD6BEFD}.Debug|x64.ActiveCfg = Debug|Any CPU
		{88029243-950B-48EC-98ED-794FEFD6BEFD}.Debug|x64.Build.0 = Debug|Any CPU
		{88029243-950B-48EC-98ED-794FEFD6BEFD}.Debug|x86.ActiveCfg = Debug|Any CPU
		{88029243-950B-48EC-98ED-794FEFD6BEFD}.Debug|x86.Build.0 = Debug|Any CPU
		{88029243-950B-48EC-98ED-794FEFD6BEFD}.Release|Any CPU.ActiveCfg = Release|Any CPU
		{88029243-950B-48EC-98ED-794FEFD6BEFD}.Release|Any CPU.Build.0 = Release|Any CPU
		{88029243-950B-48EC-98ED-794FEFD6BEFD}.Release|x64.ActiveCfg = Release|Any CPU
		{88029243-950B-48EC-98ED-794FEFD6BEFD}.Release|x64.Build.0 = Release|Any CPU
		{88029243-950B-48EC-98ED-794FEFD6BEFD}.Release|x86.ActiveCfg = Release|Any CPU
		{88029243-950B-48EC-98ED-794FEFD6BEFD}.Release|x86.Build.0 = Release|Any CPU
	EndGlobalSection
	GlobalSection(SolutionProperties) = preSolution
		HideSolutionNode = FALSE
	EndGlobalSection
	GlobalSection(NestedProjects) = preSolution
		{D8EAD49B-49B2-4635-B9CC-3B7F522C327A} = {35F738EA-ED19-4369-9AB7-98366FBBC5F0}
		{5F0EF148-1461-4120-9C1B-9FDF002537E4} = {35F738EA-ED19-4369-9AB7-98366FBBC5F0}
		{88029243-950B-48EC-98ED-794FEFD6BEFD} = {35F738EA-ED19-4369-9AB7-98366FBBC5F0}
	EndGlobalSection
	GlobalSection(ExtensibilityGlobals) = postSolution
		SolutionGuid = {C5AFB5B4-BFAA-4645-AB7A-815DF4FCD46E}
	EndGlobalSection
EndGlobal
