
Microsoft Visual Studio Solution File, Format Version 12.00
# Visual Studio 15
VisualStudioVersion = 15.0.27130.2003
MinimumVisualStudioVersion = 10.0.40219.1
Project("{2150E333-8FDC-42A3-9474-1A3956D46DE8}") = "src", "src", "{35F738EA-ED19-4369-9AB7-98366FBBC5F0}"
EndProject
Project("{2150E333-8FDC-42A3-9474-1A3956D46DE8}") = "Solution Items", "Solution Items", "{7F9AF21A-89C1-4D62-B401-E25CCC9613B4}"
	ProjectSection(SolutionItems) = preProject
		..\appveyor.yml = ..\appveyor.yml
		..\LICENSE = ..\LICENSE
		..\README.md = ..\README.md
	EndProjectSection
EndProject
Project("{9A19103F-16F7-4668-BE54-9A1E7A4F7556}") = "Meraki.Dashboard", "Meraki.Dashboard\Meraki.Dashboard.csproj", "{6648FE70-0CC7-4861-A95C-C1C8ED3C5C0B}"
EndProject
Project("{9A19103F-16F7-4668-BE54-9A1E7A4F7556}") = "Meraki.Dashboard.Console", "Meraki.Dashboard.Console\Meraki.Dashboard.Console.csproj", "{D7143A80-731A-4A5A-B988-0C566A7FAA70}"
EndProject
Project("{9A19103F-16F7-4668-BE54-9A1E7A4F7556}") = "Meraki.Dashboard.Test", "Meraki.Dashboard.Test\Meraki.Dashboard.Test.csproj", "{B4881436-EB34-4564-9552-22F4E8534B08}"
EndProject
Global
	GlobalSection(SolutionConfigurationPlatforms) = preSolution
		Debug|Any CPU = Debug|Any CPU
		Debug|x64 = Debug|x64
		Debug|x86 = Debug|x86
		Release|Any CPU = Release|Any CPU
		Release|x64 = Release|x64
		Release|x86 = Release|x86
	EndGlobalSection
	GlobalSection(ProjectConfigurationPlatforms) = postSolution
		{6648FE70-0CC7-4861-A95C-C1C8ED3C5C0B}.Debug|Any CPU.ActiveCfg = Debug|Any CPU
		{6648FE70-0CC7-4861-A95C-C1C8ED3C5C0B}.Debug|Any CPU.Build.0 = Debug|Any CPU
		{6648FE70-0CC7-4861-A95C-C1C8ED3C5C0B}.Debug|x64.ActiveCfg = Debug|Any CPU
		{6648FE70-0CC7-4861-A95C-C1C8ED3C5C0B}.Debug|x64.Build.0 = Debug|Any CPU
		{6648FE70-0CC7-4861-A95C-C1C8ED3C5C0B}.Debug|x86.ActiveCfg = Debug|Any CPU
		{6648FE70-0CC7-4861-A95C-C1C8ED3C5C0B}.Debug|x86.Build.0 = Debug|Any CPU
		{6648FE70-0CC7-4861-A95C-C1C8ED3C5C0B}.Release|Any CPU.ActiveCfg = Release|Any CPU
		{6648FE70-0CC7-4861-A95C-C1C8ED3C5C0B}.Release|Any CPU.Build.0 = Release|Any CPU
		{6648FE70-0CC7-4861-A95C-C1C8ED3C5C0B}.Release|x64.ActiveCfg = Release|Any CPU
		{6648FE70-0CC7-4861-A95C-C1C8ED3C5C0B}.Release|x64.Build.0 = Release|Any CPU
		{6648FE70-0CC7-4861-A95C-C1C8ED3C5C0B}.Release|x86.ActiveCfg = Release|Any CPU
		{6648FE70-0CC7-4861-A95C-C1C8ED3C5C0B}.Release|x86.Build.0 = Release|Any CPU
		{D7143A80-731A-4A5A-B988-0C566A7FAA70}.Debug|Any CPU.ActiveCfg = Debug|Any CPU
		{D7143A80-731A-4A5A-B988-0C566A7FAA70}.Debug|Any CPU.Build.0 = Debug|Any CPU
		{D7143A80-731A-4A5A-B988-0C566A7FAA70}.Debug|x64.ActiveCfg = Debug|Any CPU
		{D7143A80-731A-4A5A-B988-0C566A7FAA70}.Debug|x64.Build.0 = Debug|Any CPU
		{D7143A80-731A-4A5A-B988-0C566A7FAA70}.Debug|x86.ActiveCfg = Debug|Any CPU
		{D7143A80-731A-4A5A-B988-0C566A7FAA70}.Debug|x86.Build.0 = Debug|Any CPU
		{D7143A80-731A-4A5A-B988-0C566A7FAA70}.Release|Any CPU.ActiveCfg = Release|Any CPU
		{D7143A80-731A-4A5A-B988-0C566A7FAA70}.Release|Any CPU.Build.0 = Release|Any CPU
		{D7143A80-731A-4A5A-B988-0C566A7FAA70}.Release|x64.ActiveCfg = Release|Any CPU
		{D7143A80-731A-4A5A-B988-0C566A7FAA70}.Release|x64.Build.0 = Release|Any CPU
		{D7143A80-731A-4A5A-B988-0C566A7FAA70}.Release|x86.ActiveCfg = Release|Any CPU
		{D7143A80-731A-4A5A-B988-0C566A7FAA70}.Release|x86.Build.0 = Release|Any CPU
		{B4881436-EB34-4564-9552-22F4E8534B08}.Debug|Any CPU.ActiveCfg = Debug|Any CPU
		{B4881436-EB34-4564-9552-22F4E8534B08}.Debug|Any CPU.Build.0 = Debug|Any CPU
		{B4881436-EB34-4564-9552-22F4E8534B08}.Debug|x64.ActiveCfg = Debug|Any CPU
		{B4881436-EB34-4564-9552-22F4E8534B08}.Debug|x64.Build.0 = Debug|Any CPU
		{B4881436-EB34-4564-9552-22F4E8534B08}.Debug|x86.ActiveCfg = Debug|Any CPU
		{B4881436-EB34-4564-9552-22F4E8534B08}.Debug|x86.Build.0 = Debug|Any CPU
		{B4881436-EB34-4564-9552-22F4E8534B08}.Release|Any CPU.ActiveCfg = Release|Any CPU
		{B4881436-EB34-4564-9552-22F4E8534B08}.Release|Any CPU.Build.0 = Release|Any CPU
		{B4881436-EB34-4564-9552-22F4E8534B08}.Release|x64.ActiveCfg = Release|Any CPU
		{B4881436-EB34-4564-9552-22F4E8534B08}.Release|x64.Build.0 = Release|Any CPU
		{B4881436-EB34-4564-9552-22F4E8534B08}.Release|x86.ActiveCfg = Release|Any CPU
		{B4881436-EB34-4564-9552-22F4E8534B08}.Release|x86.Build.0 = Release|Any CPU
	EndGlobalSection
	GlobalSection(SolutionProperties) = preSolution
		HideSolutionNode = FALSE
	EndGlobalSection
	GlobalSection(NestedProjects) = preSolution
		{6648FE70-0CC7-4861-A95C-C1C8ED3C5C0B} = {35F738EA-ED19-4369-9AB7-98366FBBC5F0}
		{D7143A80-731A-4A5A-B988-0C566A7FAA70} = {35F738EA-ED19-4369-9AB7-98366FBBC5F0}
		{B4881436-EB34-4564-9552-22F4E8534B08} = {35F738EA-ED19-4369-9AB7-98366FBBC5F0}
	EndGlobalSection
	GlobalSection(ExtensibilityGlobals) = postSolution
		SolutionGuid = {C5AFB5B4-BFAA-4645-AB7A-815DF4FCD46E}
	EndGlobalSection
EndGlobal
